
Microsoft Visual Studio Solution File, Format Version 12.00
# Visual Studio 2013
VisualStudioVersion = 12.0.21005.1
MinimumVisualStudioVersion = 10.0.40219.1
Project("{FAE04EC0-301F-11D3-BF4B-00C04F79EFBC}") = "5ESpellbook", "5ESpellbook\5ESpellbook.csproj", "{CD49C8E8-D134-44CE-938A-72FB65523A74}"
EndProject
Project("{FAE04EC0-301F-11D3-BF4B-00C04F79EFBC}") = "5ESpellbook.Domain", "5ESpellbook.Domain\5ESpellbook.Domain.csproj", "{159D9112-0A7F-494C-826A-109C3799ABAC}"
EndProject
Global
	GlobalSection(SolutionConfigurationPlatforms) = preSolution
		Debug|Any CPU = Debug|Any CPU
		Release|Any CPU = Release|Any CPU
	EndGlobalSection
	GlobalSection(ProjectConfigurationPlatforms) = postSolution
		{CD49C8E8-D134-44CE-938A-72FB65523A74}.Debug|Any CPU.ActiveCfg = Debug|Any CPU
		{CD49C8E8-D134-44CE-938A-72FB65523A74}.Debug|Any CPU.Build.0 = Debug|Any CPU
		{CD49C8E8-D134-44CE-938A-72FB65523A74}.Release|Any CPU.ActiveCfg = Release|Any CPU
		{CD49C8E8-D134-44CE-938A-72FB65523A74}.Release|Any CPU.Build.0 = Release|Any CPU
		{159D9112-0A7F-494C-826A-109C3799ABAC}.Debug|Any CPU.ActiveCfg = Debug|Any CPU
		{159D9112-0A7F-494C-826A-109C3799ABAC}.Debug|Any CPU.Build.0 = Debug|Any CPU
		{159D9112-0A7F-494C-826A-109C3799ABAC}.Release|Any CPU.ActiveCfg = Release|Any CPU
		{159D9112-0A7F-494C-826A-109C3799ABAC}.Release|Any CPU.Build.0 = Release|Any CPU
	EndGlobalSection
	GlobalSection(SolutionProperties) = preSolution
		HideSolutionNode = FALSE
	EndGlobalSection
EndGlobal
